// !$*UTF8*$!
{
	archiveVersion = 1;
	classes = {
	};
	objectVersion = 50;
	objects = {

/* Begin PBXBuildFile section */
		71122EEE24685767007EA84D /* AppDelegate.swift in Sources */ = {isa = PBXBuildFile; fileRef = 71122EED24685767007EA84D /* AppDelegate.swift */; };
		71122EF024685767007EA84D /* SceneDelegate.swift in Sources */ = {isa = PBXBuildFile; fileRef = 71122EEF24685767007EA84D /* SceneDelegate.swift */; };
		71122EF224685767007EA84D /* ViewController.swift in Sources */ = {isa = PBXBuildFile; fileRef = 71122EF124685767007EA84D /* ViewController.swift */; };
		71122EF524685768007EA84D /* Main.storyboard in Resources */ = {isa = PBXBuildFile; fileRef = 71122EF324685768007EA84D /* Main.storyboard */; };
		71122EF7246857C2007EA84D /* Assets.xcassets in Resources */ = {isa = PBXBuildFile; fileRef = 71122EF6246857C2007EA84D /* Assets.xcassets */; };
		71122EFA246857C2007EA84D /* LaunchScreen.storyboard in Resources */ = {isa = PBXBuildFile; fileRef = 71122EF8246857C2007EA84D /* LaunchScreen.storyboard */; };
		71122F05246857C5007EA84D /* On_the_MapTests.swift in Sources */ = {isa = PBXBuildFile; fileRef = 71122F04246857C5007EA84D /* On_the_MapTests.swift */; };
		71122F10246857C5007EA84D /* On_the_MapUITests.swift in Sources */ = {isa = PBXBuildFile; fileRef = 71122F0F246857C5007EA84D /* On_the_MapUITests.swift */; };
		71122F2124688EF2007EA84D /* SignInViewController.swift in Sources */ = {isa = PBXBuildFile; fileRef = 71122F2024688EF2007EA84D /* SignInViewController.swift */; };
		71122F2324689A62007EA84D /* MapViewController.swift in Sources */ = {isa = PBXBuildFile; fileRef = 71122F2224689A62007EA84D /* MapViewController.swift */; };
		71122F252468A418007EA84D /* SignUpViewController.swift in Sources */ = {isa = PBXBuildFile; fileRef = 71122F242468A418007EA84D /* SignUpViewController.swift */; };
		71122F272468A48C007EA84D /* PinViewController.swift in Sources */ = {isa = PBXBuildFile; fileRef = 71122F262468A48C007EA84D /* PinViewController.swift */; };
		71122F3624690069007EA84D /* TableViewController.swift in Sources */ = {isa = PBXBuildFile; fileRef = 71122F3524690069007EA84D /* TableViewController.swift */; };
		716A4B912469E8C800E509E4 /* TabViewController.swift in Sources */ = {isa = PBXBuildFile; fileRef = 716A4B902469E8C800E509E4 /* TabViewController.swift */; };
		716A4B932469EB7300E509E4 /* StudentsDetails.swift in Sources */ = {isa = PBXBuildFile; fileRef = 716A4B922469EB7300E509E4 /* StudentsDetails.swift */; };
		716A4B952469EC0900E509E4 /* UdacityStudent.swift in Sources */ = {isa = PBXBuildFile; fileRef = 716A4B942469EC0900E509E4 /* UdacityStudent.swift */; };
		716A4B972469ECA700E509E4 /* Responses.swift in Sources */ = {isa = PBXBuildFile; fileRef = 716A4B962469ECA700E509E4 /* Responses.swift */; };
		716A4B992469ED9900E509E4 /* Request.swift in Sources */ = {isa = PBXBuildFile; fileRef = 716A4B982469ED9900E509E4 /* Request.swift */; };
/* End PBXBuildFile section */

/* Begin PBXContainerItemProxy section */
		71122F01246857C5007EA84D /* PBXContainerItemProxy */ = {
			isa = PBXContainerItemProxy;
			containerPortal = 71122EE224685767007EA84D /* Project object */;
			proxyType = 1;
			remoteGlobalIDString = 71122EE924685767007EA84D;
			remoteInfo = "On the Map";
		};
		71122F0C246857C5007EA84D /* PBXContainerItemProxy */ = {
			isa = PBXContainerItemProxy;
			containerPortal = 71122EE224685767007EA84D /* Project object */;
			proxyType = 1;
			remoteGlobalIDString = 71122EE924685767007EA84D;
			remoteInfo = "On the Map";
		};
/* End PBXContainerItemProxy section */

/* Begin PBXFileReference section */
		71122EEA24685767007EA84D /* On the Map.app */ = {isa = PBXFileReference; explicitFileType = wrapper.application; includeInIndex = 0; path = "On the Map.app"; sourceTree = BUILT_PRODUCTS_DIR; };
		71122EED24685767007EA84D /* AppDelegate.swift */ = {isa = PBXFileReference; lastKnownFileType = sourcecode.swift; path = AppDelegate.swift; sourceTree = "<group>"; };
		71122EEF24685767007EA84D /* SceneDelegate.swift */ = {isa = PBXFileReference; lastKnownFileType = sourcecode.swift; path = SceneDelegate.swift; sourceTree = "<group>"; };
		71122EF124685767007EA84D /* ViewController.swift */ = {isa = PBXFileReference; lastKnownFileType = sourcecode.swift; path = ViewController.swift; sourceTree = "<group>"; };
		71122EF424685768007EA84D /* Base */ = {isa = PBXFileReference; lastKnownFileType = file.storyboard; name = Base; path = Base.lproj/Main.storyboard; sourceTree = "<group>"; };
		71122EF6246857C2007EA84D /* Assets.xcassets */ = {isa = PBXFileReference; lastKnownFileType = folder.assetcatalog; path = Assets.xcassets; sourceTree = "<group>"; };
		71122EF9246857C2007EA84D /* Base */ = {isa = PBXFileReference; lastKnownFileType = file.storyboard; name = Base; path = Base.lproj/LaunchScreen.storyboard; sourceTree = "<group>"; };
		71122EFB246857C2007EA84D /* Info.plist */ = {isa = PBXFileReference; lastKnownFileType = text.plist.xml; path = Info.plist; sourceTree = "<group>"; };
		71122F00246857C5007EA84D /* On the MapTests.xctest */ = {isa = PBXFileReference; explicitFileType = wrapper.cfbundle; includeInIndex = 0; path = "On the MapTests.xctest"; sourceTree = BUILT_PRODUCTS_DIR; };
		71122F04246857C5007EA84D /* On_the_MapTests.swift */ = {isa = PBXFileReference; lastKnownFileType = sourcecode.swift; path = On_the_MapTests.swift; sourceTree = "<group>"; };
		71122F06246857C5007EA84D /* Info.plist */ = {isa = PBXFileReference; lastKnownFileType = text.plist.xml; path = Info.plist; sourceTree = "<group>"; };
		71122F0B246857C5007EA84D /* On the MapUITests.xctest */ = {isa = PBXFileReference; explicitFileType = wrapper.cfbundle; includeInIndex = 0; path = "On the MapUITests.xctest"; sourceTree = BUILT_PRODUCTS_DIR; };
		71122F0F246857C5007EA84D /* On_the_MapUITests.swift */ = {isa = PBXFileReference; lastKnownFileType = sourcecode.swift; path = On_the_MapUITests.swift; sourceTree = "<group>"; };
		71122F11246857C5007EA84D /* Info.plist */ = {isa = PBXFileReference; lastKnownFileType = text.plist.xml; path = Info.plist; sourceTree = "<group>"; };
		71122F2024688EF2007EA84D /* SignInViewController.swift */ = {isa = PBXFileReference; lastKnownFileType = sourcecode.swift; path = SignInViewController.swift; sourceTree = "<group>"; };
		71122F2224689A62007EA84D /* MapViewController.swift */ = {isa = PBXFileReference; lastKnownFileType = sourcecode.swift; path = MapViewController.swift; sourceTree = "<group>"; };
		71122F242468A418007EA84D /* SignUpViewController.swift */ = {isa = PBXFileReference; lastKnownFileType = sourcecode.swift; path = SignUpViewController.swift; sourceTree = "<group>"; };
		71122F262468A48C007EA84D /* PinViewController.swift */ = {isa = PBXFileReference; lastKnownFileType = sourcecode.swift; path = PinViewController.swift; sourceTree = "<group>"; };
		71122F3524690069007EA84D /* TableViewController.swift */ = {isa = PBXFileReference; lastKnownFileType = sourcecode.swift; path = TableViewController.swift; sourceTree = "<group>"; };
		716A4B902469E8C800E509E4 /* TabViewController.swift */ = {isa = PBXFileReference; lastKnownFileType = sourcecode.swift; path = TabViewController.swift; sourceTree = "<group>"; };
		716A4B922469EB7300E509E4 /* StudentsDetails.swift */ = {isa = PBXFileReference; lastKnownFileType = sourcecode.swift; path = StudentsDetails.swift; sourceTree = "<group>"; };
		716A4B942469EC0900E509E4 /* UdacityStudent.swift */ = {isa = PBXFileReference; lastKnownFileType = sourcecode.swift; path = UdacityStudent.swift; sourceTree = "<group>"; };
		716A4B962469ECA700E509E4 /* Responses.swift */ = {isa = PBXFileReference; lastKnownFileType = sourcecode.swift; path = Responses.swift; sourceTree = "<group>"; };
		716A4B982469ED9900E509E4 /* Request.swift */ = {isa = PBXFileReference; lastKnownFileType = sourcecode.swift; path = Request.swift; sourceTree = "<group>"; };
/* End PBXFileReference section */

/* Begin PBXFrameworksBuildPhase section */
		71122EE724685767007EA84D /* Frameworks */ = {
			isa = PBXFrameworksBuildPhase;
			buildActionMask = 2147483647;
			files = (
			);
			runOnlyForDeploymentPostprocessing = 0;
		};
		71122EFD246857C5007EA84D /* Frameworks */ = {
			isa = PBXFrameworksBuildPhase;
			buildActionMask = 2147483647;
			files = (
			);
			runOnlyForDeploymentPostprocessing = 0;
		};
		71122F08246857C5007EA84D /* Frameworks */ = {
			isa = PBXFrameworksBuildPhase;
			buildActionMask = 2147483647;
			files = (
			);
			runOnlyForDeploymentPostprocessing = 0;
		};
/* End PBXFrameworksBuildPhase section */

/* Begin PBXGroup section */
		71122EE124685767007EA84D = {
			isa = PBXGroup;
			children = (
				71122EEC24685767007EA84D /* On the Map */,
				71122F03246857C5007EA84D /* On the MapTests */,
				71122F0E246857C5007EA84D /* On the MapUITests */,
				71122EEB24685767007EA84D /* Products */,
			);
			sourceTree = "<group>";
		};
		71122EEB24685767007EA84D /* Products */ = {
			isa = PBXGroup;
			children = (
				71122EEA24685767007EA84D /* On the Map.app */,
				71122F00246857C5007EA84D /* On the MapTests.xctest */,
				71122F0B246857C5007EA84D /* On the MapUITests.xctest */,
			);
			name = Products;
			sourceTree = "<group>";
		};
		71122EEC24685767007EA84D /* On the Map */ = {
			isa = PBXGroup;
			children = (
				71122F1D24685E13007EA84D /* Model */,
				71122F1E24685E30007EA84D /* View */,
				71122F1F24685E56007EA84D /* Controller */,
				71122EED24685767007EA84D /* AppDelegate.swift */,
				71122EEF24685767007EA84D /* SceneDelegate.swift */,
				71122EF124685767007EA84D /* ViewController.swift */,
				71122EF6246857C2007EA84D /* Assets.xcassets */,
				71122EFB246857C2007EA84D /* Info.plist */,
			);
			path = "On the Map";
			sourceTree = "<group>";
		};
		71122F03246857C5007EA84D /* On the MapTests */ = {
			isa = PBXGroup;
			children = (
				71122F04246857C5007EA84D /* On_the_MapTests.swift */,
				71122F06246857C5007EA84D /* Info.plist */,
			);
			path = "On the MapTests";
			sourceTree = "<group>";
		};
		71122F0E246857C5007EA84D /* On the MapUITests */ = {
			isa = PBXGroup;
			children = (
				71122F0F246857C5007EA84D /* On_the_MapUITests.swift */,
				71122F11246857C5007EA84D /* Info.plist */,
			);
			path = "On the MapUITests";
			sourceTree = "<group>";
		};
		71122F1D24685E13007EA84D /* Model */ = {
			isa = PBXGroup;
			children = (
				716A4B922469EB7300E509E4 /* StudentsDetails.swift */,
				716A4B942469EC0900E509E4 /* UdacityStudent.swift */,
				716A4B982469ED9900E509E4 /* Request.swift */,
				716A4B962469ECA700E509E4 /* Responses.swift */,
			);
			path = Model;
			sourceTree = "<group>";
		};
		71122F1E24685E30007EA84D /* View */ = {
			isa = PBXGroup;
			children = (
				71122EF324685768007EA84D /* Main.storyboard */,
				71122EF8246857C2007EA84D /* LaunchScreen.storyboard */,
			);
			path = View;
			sourceTree = "<group>";
		};
		71122F1F24685E56007EA84D /* Controller */ = {
			isa = PBXGroup;
			children = (
				71122F2024688EF2007EA84D /* SignInViewController.swift */,
				71122F242468A418007EA84D /* SignUpViewController.swift */,
				71122F3524690069007EA84D /* TableViewController.swift */,
				716A4B902469E8C800E509E4 /* TabViewController.swift */,
				71122F2224689A62007EA84D /* MapViewController.swift */,
				71122F262468A48C007EA84D /* PinViewController.swift */,
			);
			path = Controller;
			sourceTree = "<group>";
		};
/* End PBXGroup section */

/* Begin PBXNativeTarget section */
		71122EE924685767007EA84D /* On the Map */ = {
			isa = PBXNativeTarget;
			buildConfigurationList = 71122F14246857C5007EA84D /* Build configuration list for PBXNativeTarget "On the Map" */;
			buildPhases = (
				71122EE624685767007EA84D /* Sources */,
				71122EE724685767007EA84D /* Frameworks */,
				71122EE824685767007EA84D /* Resources */,
			);
			buildRules = (
			);
			dependencies = (
			);
			name = "On the Map";
			productName = "On the Map";
			productReference = 71122EEA24685767007EA84D /* On the Map.app */;
			productType = "com.apple.product-type.application";
		};
		71122EFF246857C5007EA84D /* On the MapTests */ = {
			isa = PBXNativeTarget;
			buildConfigurationList = 71122F17246857C5007EA84D /* Build configuration list for PBXNativeTarget "On the MapTests" */;
			buildPhases = (
				71122EFC246857C5007EA84D /* Sources */,
				71122EFD246857C5007EA84D /* Frameworks */,
				71122EFE246857C5007EA84D /* Resources */,
			);
			buildRules = (
			);
			dependencies = (
				71122F02246857C5007EA84D /* PBXTargetDependency */,
			);
			name = "On the MapTests";
			productName = "On the MapTests";
			productReference = 71122F00246857C5007EA84D /* On the MapTests.xctest */;
			productType = "com.apple.product-type.bundle.unit-test";
		};
		71122F0A246857C5007EA84D /* On the MapUITests */ = {
			isa = PBXNativeTarget;
			buildConfigurationList = 71122F1A246857C5007EA84D /* Build configuration list for PBXNativeTarget "On the MapUITests" */;
			buildPhases = (
				71122F07246857C5007EA84D /* Sources */,
				71122F08246857C5007EA84D /* Frameworks */,
				71122F09246857C5007EA84D /* Resources */,
			);
			buildRules = (
			);
			dependencies = (
				71122F0D246857C5007EA84D /* PBXTargetDependency */,
			);
			name = "On the MapUITests";
			productName = "On the MapUITests";
			productReference = 71122F0B246857C5007EA84D /* On the MapUITests.xctest */;
			productType = "com.apple.product-type.bundle.ui-testing";
		};
/* End PBXNativeTarget section */

/* Begin PBXProject section */
		71122EE224685767007EA84D /* Project object */ = {
			isa = PBXProject;
			attributes = {
				LastSwiftUpdateCheck = 1140;
				LastUpgradeCheck = 1140;
				ORGANIZATIONNAME = Hanoudi;
				TargetAttributes = {
					71122EE924685767007EA84D = {
						CreatedOnToolsVersion = 11.4.1;
					};
					71122EFF246857C5007EA84D = {
						CreatedOnToolsVersion = 11.4.1;
						TestTargetID = 71122EE924685767007EA84D;
					};
					71122F0A246857C5007EA84D = {
						CreatedOnToolsVersion = 11.4.1;
						TestTargetID = 71122EE924685767007EA84D;
					};
				};
			};
			buildConfigurationList = 71122EE524685767007EA84D /* Build configuration list for PBXProject "On the Map" */;
			compatibilityVersion = "Xcode 9.3";
			developmentRegion = en;
			hasScannedForEncodings = 0;
			knownRegions = (
				en,
				Base,
			);
			mainGroup = 71122EE124685767007EA84D;
			productRefGroup = 71122EEB24685767007EA84D /* Products */;
			projectDirPath = "";
			projectRoot = "";
			targets = (
				71122EE924685767007EA84D /* On the Map */,
				71122EFF246857C5007EA84D /* On the MapTests */,
				71122F0A246857C5007EA84D /* On the MapUITests */,
			);
		};
/* End PBXProject section */

/* Begin PBXResourcesBuildPhase section */
		71122EE824685767007EA84D /* Resources */ = {
			isa = PBXResourcesBuildPhase;
			buildActionMask = 2147483647;
			files = (
				71122EFA246857C2007EA84D /* LaunchScreen.storyboard in Resources */,
				71122EF7246857C2007EA84D /* Assets.xcassets in Resources */,
				71122EF524685768007EA84D /* Main.storyboard in Resources */,
			);
			runOnlyForDeploymentPostprocessing = 0;
		};
		71122EFE246857C5007EA84D /* Resources */ = {
			isa = PBXResourcesBuildPhase;
			buildActionMask = 2147483647;
			files = (
			);
			runOnlyForDeploymentPostprocessing = 0;
		};
		71122F09246857C5007EA84D /* Resources */ = {
			isa = PBXResourcesBuildPhase;
			buildActionMask = 2147483647;
			files = (
			);
			runOnlyForDeploymentPostprocessing = 0;
		};
/* End PBXResourcesBuildPhase section */

/* Begin PBXSourcesBuildPhase section */
		71122EE624685767007EA84D /* Sources */ = {
			isa = PBXSourcesBuildPhase;
			buildActionMask = 2147483647;
			files = (
				716A4B972469ECA700E509E4 /* Responses.swift in Sources */,
				716A4B992469ED9900E509E4 /* Request.swift in Sources */,
				71122F252468A418007EA84D /* SignUpViewController.swift in Sources */,
				716A4B952469EC0900E509E4 /* UdacityStudent.swift in Sources */,
				71122F3624690069007EA84D /* TableViewController.swift in Sources */,
				71122F2124688EF2007EA84D /* SignInViewController.swift in Sources */,
				71122EF224685767007EA84D /* ViewController.swift in Sources */,
				716A4B932469EB7300E509E4 /* StudentsDetails.swift in Sources */,
				71122EEE24685767007EA84D /* AppDelegate.swift in Sources */,
				71122F272468A48C007EA84D /* PinViewController.swift in Sources */,
				71122F2324689A62007EA84D /* MapViewController.swift in Sources */,
				716A4B912469E8C800E509E4 /* TabViewController.swift in Sources */,
				71122EF024685767007EA84D /* SceneDelegate.swift in Sources */,
			);
			runOnlyForDeploymentPostprocessing = 0;
		};
		71122EFC246857C5007EA84D /* Sources */ = {
			isa = PBXSourcesBuildPhase;
			buildActionMask = 2147483647;
			files = (
				71122F05246857C5007EA84D /* On_the_MapTests.swift in Sources */,
			);
			runOnlyForDeploymentPostprocessing = 0;
		};
		71122F07246857C5007EA84D /* Sources */ = {
			isa = PBXSourcesBuildPhase;
			buildActionMask = 2147483647;
			files = (
				71122F10246857C5007EA84D /* On_the_MapUITests.swift in Sources */,
			);
			runOnlyForDeploymentPostprocessing = 0;
		};
/* End PBXSourcesBuildPhase section */

/* Begin PBXTargetDependency section */
		71122F02246857C5007EA84D /* PBXTargetDependency */ = {
			isa = PBXTargetDependency;
			target = 71122EE924685767007EA84D /* On the Map */;
			targetProxy = 71122F01246857C5007EA84D /* PBXContainerItemProxy */;
		};
		71122F0D246857C5007EA84D /* PBXTargetDependency */ = {
			isa = PBXTargetDependency;
			target = 71122EE924685767007EA84D /* On the Map */;
			targetProxy = 71122F0C246857C5007EA84D /* PBXContainerItemProxy */;
		};
/* End PBXTargetDependency section */

/* Begin PBXVariantGroup section */
		71122EF324685768007EA84D /* Main.storyboard */ = {
			isa = PBXVariantGroup;
			children = (
				71122EF424685768007EA84D /* Base */,
			);
			name = Main.storyboard;
			sourceTree = "<group>";
		};
		71122EF8246857C2007EA84D /* LaunchScreen.storyboard */ = {
			isa = PBXVariantGroup;
			children = (
				71122EF9246857C2007EA84D /* Base */,
			);
			name = LaunchScreen.storyboard;
			sourceTree = "<group>";
		};
/* End PBXVariantGroup section */

/* Begin XCBuildConfiguration section */
		71122F12246857C5007EA84D /* Debug */ = {
			isa = XCBuildConfiguration;
			buildSettings = {
				ALWAYS_SEARCH_USER_PATHS = NO;
				CLANG_ANALYZER_NONNULL = YES;
				CLANG_ANALYZER_NUMBER_OBJECT_CONVERSION = YES_AGGRESSIVE;
				CLANG_CXX_LANGUAGE_STANDARD = "gnu++14";
				CLANG_CXX_LIBRARY = "libc++";
				CLANG_ENABLE_MODULES = YES;
				CLANG_ENABLE_OBJC_ARC = YES;
				CLANG_ENABLE_OBJC_WEAK = YES;
				CLANG_WARN_BLOCK_CAPTURE_AUTORELEASING = YES;
				CLANG_WARN_BOOL_CONVERSION = YES;
				CLANG_WARN_COMMA = YES;
				CLANG_WARN_CONSTANT_CONVERSION = YES;
				CLANG_WARN_DEPRECATED_OBJC_IMPLEMENTATIONS = YES;
				CLANG_WARN_DIRECT_OBJC_ISA_USAGE = YES_ERROR;
				CLANG_WARN_DOCUMENTATION_COMMENTS = YES;
				CLANG_WARN_EMPTY_BODY = YES;
				CLANG_WARN_ENUM_CONVERSION = YES;
				CLANG_WARN_INFINITE_RECURSION = YES;
				CLANG_WARN_INT_CONVERSION = YES;
				CLANG_WARN_NON_LITERAL_NULL_CONVERSION = YES;
				CLANG_WARN_OBJC_IMPLICIT_RETAIN_SELF = YES;
				CLANG_WARN_OBJC_LITERAL_CONVERSION = YES;
				CLANG_WARN_OBJC_ROOT_CLASS = YES_ERROR;
				CLANG_WARN_RANGE_LOOP_ANALYSIS = YES;
				CLANG_WARN_STRICT_PROTOTYPES = YES;
				CLANG_WARN_SUSPICIOUS_MOVE = YES;
				CLANG_WARN_UNGUARDED_AVAILABILITY = YES_AGGRESSIVE;
				CLANG_WARN_UNREACHABLE_CODE = YES;
				CLANG_WARN__DUPLICATE_METHOD_MATCH = YES;
				COPY_PHASE_STRIP = NO;
				DEBUG_INFORMATION_FORMAT = dwarf;
				ENABLE_STRICT_OBJC_MSGSEND = YES;
				ENABLE_TESTABILITY = YES;
				GCC_C_LANGUAGE_STANDARD = gnu11;
				GCC_DYNAMIC_NO_PIC = NO;
				GCC_NO_COMMON_BLOCKS = YES;
				GCC_OPTIMIZATION_LEVEL = 0;
				GCC_PREPROCESSOR_DEFINITIONS = (
					"DEBUG=1",
					"$(inherited)",
				);
				GCC_WARN_64_TO_32_BIT_CONVERSION = YES;
				GCC_WARN_ABOUT_RETURN_TYPE = YES_ERROR;
				GCC_WARN_UNDECLARED_SELECTOR = YES;
				GCC_WARN_UNINITIALIZED_AUTOS = YES_AGGRESSIVE;
				GCC_WARN_UNUSED_FUNCTION = YES;
				GCC_WARN_UNUSED_VARIABLE = YES;
				IPHONEOS_DEPLOYMENT_TARGET = 13.4;
				MTL_ENABLE_DEBUG_INFO = INCLUDE_SOURCE;
				MTL_FAST_MATH = YES;
				ONLY_ACTIVE_ARCH = YES;
				SDKROOT = iphoneos;
				SWIFT_ACTIVE_COMPILATION_CONDITIONS = DEBUG;
				SWIFT_OPTIMIZATION_LEVEL = "-Onone";
			};
			name = Debug;
		};
		71122F13246857C5007EA84D /* Release */ = {
			isa = XCBuildConfiguration;
			buildSettings = {
				ALWAYS_SEARCH_USER_PATHS = NO;
				CLANG_ANALYZER_NONNULL = YES;
				CLANG_ANALYZER_NUMBER_OBJECT_CONVERSION = YES_AGGRESSIVE;
				CLANG_CXX_LANGUAGE_STANDARD = "gnu++14";
				CLANG_CXX_LIBRARY = "libc++";
				CLANG_ENABLE_MODULES = YES;
				CLANG_ENABLE_OBJC_ARC = YES;
				CLANG_ENABLE_OBJC_WEAK = YES;
				CLANG_WARN_BLOCK_CAPTURE_AUTORELEASING = YES;
				CLANG_WARN_BOOL_CONVERSION = YES;
				CLANG_WARN_COMMA = YES;
				CLANG_WARN_CONSTANT_CONVERSION = YES;
				CLANG_WARN_DEPRECATED_OBJC_IMPLEMENTATIONS = YES;
				CLANG_WARN_DIRECT_OBJC_ISA_USAGE = YES_ERROR;
				CLANG_WARN_DOCUMENTATION_COMMENTS = YES;
				CLANG_WARN_EMPTY_BODY = YES;
				CLANG_WARN_ENUM_CONVERSION = YES;
				CLANG_WARN_INFINITE_RECURSION = YES;
				CLANG_WARN_INT_CONVERSION = YES;
				CLANG_WARN_NON_LITERAL_NULL_CONVERSION = YES;
				CLANG_WARN_OBJC_IMPLICIT_RETAIN_SELF = YES;
				CLANG_WARN_OBJC_LITERAL_CONVERSION = YES;
				CLANG_WARN_OBJC_ROOT_CLASS = YES_ERROR;
				CLANG_WARN_RANGE_LOOP_ANALYSIS = YES;
				CLANG_WARN_STRICT_PROTOTYPES = YES;
				CLANG_WARN_SUSPICIOUS_MOVE = YES;
				CLANG_WARN_UNGUARDED_AVAILABILITY = YES_AGGRESSIVE;
				CLANG_WARN_UNREACHABLE_CODE = YES;
				CLANG_WARN__DUPLICATE_METHOD_MATCH = YES;
				COPY_PHASE_STRIP = NO;
				DEBUG_INFORMATION_FORMAT = "dwarf-with-dsym";
				ENABLE_NS_ASSERTIONS = NO;
				ENABLE_STRICT_OBJC_MSGSEND = YES;
				GCC_C_LANGUAGE_STANDARD = gnu11;
				GCC_NO_COMMON_BLOCKS = YES;
				GCC_WARN_64_TO_32_BIT_CONVERSION = YES;
				GCC_WARN_ABOUT_RETURN_TYPE = YES_ERROR;
				GCC_WARN_UNDECLARED_SELECTOR = YES;
				GCC_WARN_UNINITIALIZED_AUTOS = YES_AGGRESSIVE;
				GCC_WARN_UNUSED_FUNCTION = YES;
				GCC_WARN_UNUSED_VARIABLE = YES;
				IPHONEOS_DEPLOYMENT_TARGET = 13.4;
				MTL_ENABLE_DEBUG_INFO = NO;
				MTL_FAST_MATH = YES;
				SDKROOT = iphoneos;
				SWIFT_COMPILATION_MODE = wholemodule;
				SWIFT_OPTIMIZATION_LEVEL = "-O";
				VALIDATE_PRODUCT = YES;
			};
			name = Release;
		};
		71122F15246857C5007EA84D /* Debug */ = {
			isa = XCBuildConfiguration;
			buildSettings = {
				ASSETCATALOG_COMPILER_APPICON_NAME = AppIcon;
				CODE_SIGN_STYLE = Automatic;
				DEVELOPMENT_TEAM = K75946TXJA;
				INFOPLIST_FILE = "On the Map/Info.plist";
				IPHONEOS_DEPLOYMENT_TARGET = 10.0;
				LD_RUNPATH_SEARCH_PATHS = (
					"$(inherited)",
					"@executable_path/Frameworks",
				);
				PRODUCT_BUNDLE_IDENTIFIER = "han.On-the-Map";
				PRODUCT_NAME = "$(TARGET_NAME)";
				SWIFT_VERSION = 5.0;
				TARGETED_DEVICE_FAMILY = "1,2";
			};
			name = Debug;
		};
		71122F16246857C5007EA84D /* Release */ = {
			isa = XCBuildConfiguration;
			buildSettings = {
				ASSETCATALOG_COMPILER_APPICON_NAME = AppIcon;
				CODE_SIGN_STYLE = Automatic;
				DEVELOPMENT_TEAM = K75946TXJA;
				INFOPLIST_FILE = "On the Map/Info.plist";
				IPHONEOS_DEPLOYMENT_TARGET = 10.0;
				LD_RUNPATH_SEARCH_PATHS = (
					"$(inherited)",
					"@executable_path/Frameworks",
				);
				PRODUCT_BUNDLE_IDENTIFIER = "han.On-the-Map";
				PRODUCT_NAME = "$(TARGET_NAME)";
				SWIFT_VERSION = 5.0;
				TARGETED_DEVICE_FAMILY = "1,2";
			};
			name = Release;
		};
		71122F18246857C5007EA84D /* Debug */ = {
			isa = XCBuildConfiguration;
			buildSettings = {
				ALWAYS_EMBED_SWIFT_STANDARD_LIBRARIES = YES;
				BUNDLE_LOADER = "$(TEST_HOST)";
				CODE_SIGN_STYLE = Automatic;
				INFOPLIST_FILE = "On the MapTests/Info.plist";
				IPHONEOS_DEPLOYMENT_TARGET = 13.4;
				LD_RUNPATH_SEARCH_PATHS = (
					"$(inherited)",
					"@executable_path/Frameworks",
					"@loader_path/Frameworks",
				);
				PRODUCT_BUNDLE_IDENTIFIER = "han.On-the-MapTests";
				PRODUCT_NAME = "$(TARGET_NAME)";
				SWIFT_VERSION = 5.0;
				TARGETED_DEVICE_FAMILY = "1,2";
				TEST_HOST = "$(BUILT_PRODUCTS_DIR)/On the Map.app/On the Map";
			};
			name = Debug;
		};
		71122F19246857C5007EA84D /* Release */ = {
			isa = XCBuildConfiguration;
			buildSettings = {
				ALWAYS_EMBED_SWIFT_STANDARD_LIBRARIES = YES;
				BUNDLE_LOADER = "$(TEST_HOST)";
				CODE_SIGN_STYLE = Automatic;
				INFOPLIST_FILE = "On the MapTests/Info.plist";
				IPHONEOS_DEPLOYMENT_TARGET = 13.4;
				LD_RUNPATH_SEARCH_PATHS = (
					"$(inherited)",
					"@executable_path/Frameworks",
					"@loader_path/Frameworks",
				);
				PRODUCT_BUNDLE_IDENTIFIER = "han.On-the-MapTests";
				PRODUCT_NAME = "$(TARGET_NAME)";
				SWIFT_VERSION = 5.0;
				TARGETED_DEVICE_FAMILY = "1,2";
				TEST_HOST = "$(BUILT_PRODUCTS_DIR)/On the Map.app/On the Map";
			};
			name = Release;
		};
		71122F1B246857C5007EA84D /* Debug */ = {
			isa = XCBuildConfiguration;
			buildSettings = {
				ALWAYS_EMBED_SWIFT_STANDARD_LIBRARIES = YES;
				CODE_SIGN_STYLE = Automatic;
				INFOPLIST_FILE = "On the MapUITests/Info.plist";
				LD_RUNPATH_SEARCH_PATHS = (
					"$(inherited)",
					"@executable_path/Frameworks",
					"@loader_path/Frameworks",
				);
				PRODUCT_BUNDLE_IDENTIFIER = "han.On-the-MapUITests";
				PRODUCT_NAME = "$(TARGET_NAME)";
				SWIFT_VERSION = 5.0;
				TARGETED_DEVICE_FAMILY = "1,2";
				TEST_TARGET_NAME = "On the Map";
			};
			name = Debug;
		};
		71122F1C246857C5007EA84D /* Release */ = {
			isa = XCBuildConfiguration;
			buildSettings = {
				ALWAYS_EMBED_SWIFT_STANDARD_LIBRARIES = YES;
				CODE_SIGN_STYLE = Automatic;
				INFOPLIST_FILE = "On the MapUITests/Info.plist";
				LD_RUNPATH_SEARCH_PATHS = (
					"$(inherited)",
					"@executable_path/Frameworks",
					"@loader_path/Frameworks",
				);
				PRODUCT_BUNDLE_IDENTIFIER = "han.On-the-MapUITests";
				PRODUCT_NAME = "$(TARGET_NAME)";
				SWIFT_VERSION = 5.0;
				TARGETED_DEVICE_FAMILY = "1,2";
				TEST_TARGET_NAME = "On the Map";
			};
			name = Release;
		};
/* End XCBuildConfiguration section */

/* Begin XCConfigurationList section */
		71122EE524685767007EA84D /* Build configuration list for PBXProject "On the Map" */ = {
			isa = XCConfigurationList;
			buildConfigurations = (
				71122F12246857C5007EA84D /* Debug */,
				71122F13246857C5007EA84D /* Release */,
			);
			defaultConfigurationIsVisible = 0;
			defaultConfigurationName = Release;
		};
		71122F14246857C5007EA84D /* Build configuration list for PBXNativeTarget "On the Map" */ = {
			isa = XCConfigurationList;
			buildConfigurations = (
				71122F15246857C5007EA84D /* Debug */,
				71122F16246857C5007EA84D /* Release */,
			);
			defaultConfigurationIsVisible = 0;
			defaultConfigurationName = Release;
		};
		71122F17246857C5007EA84D /* Build configuration list for PBXNativeTarget "On the MapTests" */ = {
			isa = XCConfigurationList;
			buildConfigurations = (
				71122F18246857C5007EA84D /* Debug */,
				71122F19246857C5007EA84D /* Release */,
			);
			defaultConfigurationIsVisible = 0;
			defaultConfigurationName = Release;
		};
		71122F1A246857C5007EA84D /* Build configuration list for PBXNativeTarget "On the MapUITests" */ = {
			isa = XCConfigurationList;
			buildConfigurations = (
				71122F1B246857C5007EA84D /* Debug */,
				71122F1C246857C5007EA84D /* Release */,
			);
			defaultConfigurationIsVisible = 0;
			defaultConfigurationName = Release;
		};
/* End XCConfigurationList section */
	};
	rootObject = 71122EE224685767007EA84D /* Project object */;
}
